
Microsoft Visual Studio Solution File, Format Version 12.00
# Visual Studio Version 17
VisualStudioVersion = 17.0.31903.59
MinimumVisualStudioVersion = 10.0.40219.1
Project("{9A19103F-16F7-4668-BE54-9A1E7A4F7556}") = "JournalApi", "src\JournalApi\JournalApi.csproj", "{3FDAAA6F-6950-4C97-9272-AE2E20E548BF}"
EndProject
Global
	GlobalSection(SolutionConfigurationPlatforms) = preSolution
		Debug|Any CPU = Debug|Any CPU
		Release|Any CPU = Release|Any CPU
	EndGlobalSection
	GlobalSection(ProjectConfigurationPlatforms) = postSolution
		{3FDAAA6F-6950-4C97-9272-AE2E20E548BF}.Debug|Any CPU.ActiveCfg = Debug|Any CPU
		{3FDAAA6F-6950-4C97-9272-AE2E20E548BF}.Debug|Any CPU.Build.0 = Debug|Any CPU
		{3FDAAA6F-6950-4C97-9272-AE2E20E548BF}.Release|Any CPU.ActiveCfg = Release|Any CPU
		{3FDAAA6F-6950-4C97-9272-AE2E20E548BF}.Release|Any CPU.Build.0 = Release|Any CPU
	EndGlobalSection
	GlobalSection(SolutionProperties) = preSolution
		HideSolutionNode = FALSE
	EndGlobalSection
	GlobalSection(ExtensibilityGlobals) = postSolution
		SolutionGuid = {91E4A241-4CC8-4E74-93EE-60A8F802015C}
	EndGlobalSection
EndGlobal
